<?xml version="1.0" encoding="UTF-8"?>
<!DOCTYPE plist PUBLIC "-//Apple//DTD PLIST 1.0//EN" "http://www.apple.com/DTDs/PropertyList-1.0.dtd">
<plist version="1.0">
<dict>
	<key>archiveVersion</key>
	<string>1</string>
	<key>classes</key>
	<dict/>
	<key>objectVersion</key>
	<string>46</string>
	<key>objects</key>
	<dict>
		<key>1412490C194F9FF7007785EE</key>
		<dict>
			<key>fileEncoding</key>
			<string>4</string>
			<key>isa</key>
			<string>PBXFileReference</string>
			<key>lastKnownFileType</key>
			<string>text</string>
			<key>path</key>
			<string>README.md</string>
			<key>sourceTree</key>
			<string>&lt;group&gt;</string>
		</dict>
		<key>1412490D194F9FF7007785EE</key>
		<dict>
			<key>fileRef</key>
			<string>1412490C194F9FF7007785EE</string>
			<key>isa</key>
			<string>PBXBuildFile</string>
		</dict>
		<key>143BCA9619F6155F0022897D</key>
		<dict>
			<key>fileEncoding</key>
			<string>4</string>
			<key>isa</key>
			<string>PBXFileReference</string>
			<key>lastKnownFileType</key>
			<string>text.plist.xml</string>
			<key>path</key>
			<string>repeatDictionary10.plist</string>
			<key>sourceTree</key>
			<string>&lt;group&gt;</string>
		</dict>
		<key>143BCA9719F6155F0022897D</key>
		<dict>
			<key>fileRef</key>
			<string>143BCA9619F6155F0022897D</string>
			<key>isa</key>
			<string>PBXBuildFile</string>
		</dict>
		<key>143E732019FEDA6800FA3B0A</key>
		<dict>
			<key>children</key>
			<array>
				<string>146CEF43193F18E5002E5220</string>
				<string>14E696C81940818200E3764A</string>
				<string>14D6C6E5195BCC5F001D7E11</string>
				<string>14E9684019B37DB400615B5E</string>
				<string>146129FC19B6CE1B004DC904</string>
				<string>143BCA9619F6155F0022897D</string>
				<string>14ADAD3819F4DD1300702CD1</string>
			</array>
			<key>isa</key>
			<string>PBXGroup</string>
			<key>name</key>
			<string>Dictionaries</string>
			<key>path</key>
			<string>Dictionaries</string>
			<key>sourceTree</key>
			<string>&lt;group&gt;</string>
		</dict>
		<key>143E732119FEE10100FA3B0A</key>
		<dict>
			<key>children</key>
			<array>
				<string>14B72296193B37C50059E7BD</string>
				<string>14B72297193B37C50059E7BD</string>
				<string>14D0F18D196F9B87003BB7C2</string>
				<string>14D0F18E196F9B87003BB7C2</string>
				<string>145DD964196A5FF20088243D</string>
				<string>145DD965196A5FF20088243D</string>
				<string>14D1807019629023009D16E4</string>
				<string>14D1807119629023009D16E4</string>
				<string>14C606EB1947FC39002D4E4E</string>
				<string>14C606EC1947FC39002D4E4E</string>
				<string>14C606EE194803ED002D4E4E</string>
				<string>14C606EF194803ED002D4E4E</string>
			</array>
			<key>isa</key>
			<string>PBXGroup</string>
			<key>name</key>
			<string>Model</string>
			<key>path</key>
			<string>Model</string>
			<key>sourceTree</key>
			<string>&lt;group&gt;</string>
		</dict>
		<key>143E732219FEE11300FA3B0A</key>
		<dict>
			<key>children</key>
			<array>
				<string>14B7228F193AF6250059E7BD</string>
				<string>14B72290193AF6250059E7BD</string>
				<string>14B72266193AF2830059E7BD</string>
				<string>14B72269193AF2830059E7BD</string>
				<string>1451B975198092A600C221BE</string>
				<string>1451B976198092A600C221BE</string>
			</array>
			<key>isa</key>
			<string>PBXGroup</string>
			<key>name</key>
			<string>View</string>
			<key>path</key>
			<string>View</string>
			<key>sourceTree</key>
			<string>&lt;group&gt;</string>
		</dict>
		<key>1451B975198092A600C221BE</key>
		<dict>
			<key>fileEncoding</key>
			<string>4</string>
			<key>isa</key>
			<string>PBXFileReference</string>
			<key>lastKnownFileType</key>
			<string>sourcecode.c.h</string>
			<key>path</key>
			<string>TypingSpace.h</string>
			<key>sourceTree</key>
			<string>&lt;group&gt;</string>
		</dict>
		<key>1451B976198092A600C221BE</key>
		<dict>
			<key>fileEncoding</key>
			<string>4</string>
			<key>isa</key>
			<string>PBXFileReference</string>
			<key>lastKnownFileType</key>
			<string>sourcecode.c.objc</string>
			<key>path</key>
			<string>TypingSpace.m</string>
			<key>sourceTree</key>
			<string>&lt;group&gt;</string>
		</dict>
		<key>1451B977198092A600C221BE</key>
		<dict>
			<key>fileRef</key>
			<string>1451B976198092A600C221BE</string>
			<key>isa</key>
			<string>PBXBuildFile</string>
		</dict>
		<key>145DD964196A5FF20088243D</key>
		<dict>
			<key>fileEncoding</key>
			<string>4</string>
			<key>isa</key>
			<string>PBXFileReference</string>
			<key>lastKnownFileType</key>
			<string>sourcecode.c.h</string>
			<key>path</key>
			<string>Repeat.h</string>
			<key>sourceTree</key>
			<string>&lt;group&gt;</string>
		</dict>
		<key>145DD965196A5FF20088243D</key>
		<dict>
			<key>fileEncoding</key>
			<string>4</string>
			<key>isa</key>
			<string>PBXFileReference</string>
			<key>lastKnownFileType</key>
			<string>sourcecode.c.objc</string>
			<key>path</key>
			<string>Repeat.m</string>
			<key>sourceTree</key>
			<string>&lt;group&gt;</string>
		</dict>
		<key>145DD966196A5FF20088243D</key>
		<dict>
			<key>fileRef</key>
			<string>145DD965196A5FF20088243D</string>
			<key>isa</key>
			<string>PBXBuildFile</string>
		</dict>
		<key>146129FC19B6CE1B004DC904</key>
		<dict>
			<key>fileEncoding</key>
			<string>4</string>
			<key>isa</key>
			<string>PBXFileReference</string>
			<key>lastKnownFileType</key>
			<string>text.plist.xml</string>
			<key>path</key>
			<string>binaryVerticalDictionary.plist</string>
			<key>sourceTree</key>
			<string>&lt;group&gt;</string>
		</dict>
		<key>146129FD19B6CE1B004DC904</key>
		<dict>
			<key>fileRef</key>
			<string>146129FC19B6CE1B004DC904</string>
			<key>isa</key>
			<string>PBXBuildFile</string>
		</dict>
		<key>146CEF43193F18E5002E5220</key>
		<dict>
			<key>fileEncoding</key>
			<string>4</string>
			<key>isa</key>
			<string>PBXFileReference</string>
			<key>lastKnownFileType</key>
			<string>text</string>
			<key>name</key>
			<string>dict.txt</string>
			<key>path</key>
			<string>dict.txt</string>
			<key>sourceTree</key>
			<string>&lt;group&gt;</string>
		</dict>
		<key>146CEF44193F18E5002E5220</key>
		<dict>
			<key>fileRef</key>
			<string>146CEF43193F18E5002E5220</string>
			<key>isa</key>
			<string>PBXBuildFile</string>
		</dict>
		<key>146CEF45193F18E5002E5220</key>
		<dict>
			<key>fileRef</key>
			<string>146CEF43193F18E5002E5220</string>
			<key>isa</key>
			<string>PBXBuildFile</string>
		</dict>
		<key>14ADAD3819F4DD1300702CD1</key>
		<dict>
			<key>fileEncoding</key>
			<string>4</string>
			<key>isa</key>
			<string>PBXFileReference</string>
			<key>lastKnownFileType</key>
			<string>text.plist.xml</string>
			<key>path</key>
			<string>countDictionary.plist</string>
			<key>sourceTree</key>
			<string>&lt;group&gt;</string>
		</dict>
		<key>14ADAD3919F4DD1300702CD1</key>
		<dict>
			<key>fileRef</key>
			<string>14ADAD3819F4DD1300702CD1</string>
			<key>isa</key>
			<string>PBXBuildFile</string>
		</dict>
		<key>14B72248193AF2830059E7BD</key>
		<dict>
			<key>children</key>
			<array>
				<string>1412490C194F9FF7007785EE</string>
				<string>14B7225A193AF2830059E7BD</string>
				<string>14B7227C193AF2830059E7BD</string>
				<string>14B72253193AF2830059E7BD</string>
				<string>14B72252193AF2830059E7BD</string>
			</array>
			<key>isa</key>
			<string>PBXGroup</string>
			<key>sourceTree</key>
			<string>&lt;group&gt;</string>
		</dict>
		<key>14B72249193AF2830059E7BD</key>
		<dict>
			<key>attributes</key>
			<dict>
				<key>CLASSPREFIX</key>
				<string>TT</string>
				<key>LastUpgradeCheck</key>
				<string>0510</string>
				<key>ORGANIZATIONNAME</key>
				<string>Sean</string>
				<key>TargetAttributes</key>
				<dict>
					<key>14B72274193AF2830059E7BD</key>
					<dict>
						<key>TestTargetID</key>
						<string>14B72250193AF2830059E7BD</string>
					</dict>
				</dict>
			</dict>
			<key>buildConfigurationList</key>
			<string>14B7224C193AF2830059E7BD</string>
			<key>compatibilityVersion</key>
			<string>Xcode 3.2</string>
			<key>developmentRegion</key>
			<string>English</string>
			<key>hasScannedForEncodings</key>
			<string>0</string>
			<key>isa</key>
			<string>PBXProject</string>
			<key>knownRegions</key>
			<array>
				<string>en</string>
				<string>Base</string>
			</array>
			<key>mainGroup</key>
			<string>14B72248193AF2830059E7BD</string>
			<key>productRefGroup</key>
			<string>14B72252193AF2830059E7BD</string>
			<key>projectDirPath</key>
			<string></string>
			<key>projectReferences</key>
			<array/>
			<key>projectRoot</key>
			<string></string>
			<key>targets</key>
			<array>
				<string>14B72250193AF2830059E7BD</string>
				<string>14B72274193AF2830059E7BD</string>
			</array>
		</dict>
		<key>14B7224C193AF2830059E7BD</key>
		<dict>
			<key>buildConfigurations</key>
			<array>
				<string>14B72284193AF2830059E7BD</string>
				<string>14B72285193AF2830059E7BD</string>
			</array>
			<key>defaultConfigurationIsVisible</key>
			<string>0</string>
			<key>defaultConfigurationName</key>
			<string>Release</string>
			<key>isa</key>
			<string>XCConfigurationList</string>
		</dict>
		<key>14B7224D193AF2830059E7BD</key>
		<dict>
			<key>buildActionMask</key>
			<string>2147483647</string>
			<key>files</key>
			<array>
				<string>14D1807219629023009D16E4</string>
				<string>14B7226E193AF2830059E7BD</string>
				<string>14B72291193AF6250059E7BD</string>
				<string>14C606F0194803ED002D4E4E</string>
				<string>14B72261193AF2830059E7BD</string>
				<string>14B72265193AF2830059E7BD</string>
				<string>145DD966196A5FF20088243D</string>
				<string>14B72298193B37C50059E7BD</string>
				<string>14C606ED1947FC39002D4E4E</string>
				<string>1451B977198092A600C221BE</string>
				<string>14D0F18F196F9B87003BB7C2</string>
			</array>
			<key>isa</key>
			<string>PBXSourcesBuildPhase</string>
			<key>runOnlyForDeploymentPostprocessing</key>
			<string>0</string>
		</dict>
		<key>14B7224E193AF2830059E7BD</key>
		<dict>
			<key>buildActionMask</key>
			<string>2147483647</string>
			<key>files</key>
			<array>
				<string>14B72257193AF2830059E7BD</string>
				<string>14B72259193AF2830059E7BD</string>
				<string>14B72255193AF2830059E7BD</string>
			</array>
			<key>isa</key>
			<string>PBXFrameworksBuildPhase</string>
			<key>runOnlyForDeploymentPostprocessing</key>
			<string>0</string>
		</dict>
		<key>14B7224F193AF2830059E7BD</key>
		<dict>
			<key>buildActionMask</key>
			<string>2147483647</string>
			<key>files</key>
			<array>
				<string>14B7226B193AF2830059E7BD</string>
				<string>146129FD19B6CE1B004DC904</string>
				<string>143BCA9719F6155F0022897D</string>
				<string>14B72270193AF2830059E7BD</string>
				<string>14ADAD3919F4DD1300702CD1</string>
				<string>14D6C6E6195BCC5F001D7E11</string>
				<string>14B72268193AF2830059E7BD</string>
				<string>1412490D194F9FF7007785EE</string>
				<string>14E696C91940818200E3764A</string>
				<string>14B7225F193AF2830059E7BD</string>
				<string>146CEF44193F18E5002E5220</string>
				<string>14E9684119B37DB400615B5E</string>
			</array>
			<key>isa</key>
			<string>PBXResourcesBuildPhase</string>
			<key>runOnlyForDeploymentPostprocessing</key>
			<string>0</string>
		</dict>
		<key>14B72250193AF2830059E7BD</key>
		<dict>
			<key>buildConfigurationList</key>
			<string>14B72286193AF2830059E7BD</string>
			<key>buildPhases</key>
			<array>
				<string>14B7224D193AF2830059E7BD</string>
				<string>14B7224E193AF2830059E7BD</string>
				<string>14B7224F193AF2830059E7BD</string>
			</array>
			<key>buildRules</key>
			<array/>
			<key>dependencies</key>
			<array/>
			<key>isa</key>
			<string>PBXNativeTarget</string>
			<key>name</key>
			<string>TouchTracker</string>
			<key>productName</key>
			<string>TouchTracker</string>
			<key>productReference</key>
			<string>14B72251193AF2830059E7BD</string>
			<key>productType</key>
			<string>com.apple.product-type.application</string>
		</dict>
		<key>14B72251193AF2830059E7BD</key>
		<dict>
			<key>explicitFileType</key>
			<string>wrapper.application</string>
			<key>includeInIndex</key>
			<string>0</string>
			<key>isa</key>
			<string>PBXFileReference</string>
			<key>path</key>
			<string>TouchTracker.app</string>
			<key>sourceTree</key>
			<string>BUILT_PRODUCTS_DIR</string>
		</dict>
		<key>14B72252193AF2830059E7BD</key>
		<dict>
			<key>children</key>
			<array>
				<string>14B72251193AF2830059E7BD</string>
				<string>14B72275193AF2830059E7BD</string>
			</array>
			<key>isa</key>
			<string>PBXGroup</string>
			<key>name</key>
			<string>Products</string>
			<key>sourceTree</key>
			<string>&lt;group&gt;</string>
		</dict>
		<key>14B72253193AF2830059E7BD</key>
		<dict>
			<key>children</key>
			<array>
				<string>14B72254193AF2830059E7BD</string>
				<string>14B72256193AF2830059E7BD</string>
				<string>14B72258193AF2830059E7BD</string>
				<string>14B72276193AF2830059E7BD</string>
			</array>
			<key>isa</key>
			<string>PBXGroup</string>
			<key>name</key>
			<string>Frameworks</string>
			<key>sourceTree</key>
			<string>&lt;group&gt;</string>
		</dict>
		<key>14B72254193AF2830059E7BD</key>
		<dict>
			<key>isa</key>
			<string>PBXFileReference</string>
			<key>lastKnownFileType</key>
			<string>wrapper.framework</string>
			<key>name</key>
			<string>Foundation.framework</string>
			<key>path</key>
			<string>System/Library/Frameworks/Foundation.framework</string>
			<key>sourceTree</key>
			<string>SDKROOT</string>
		</dict>
		<key>14B72255193AF2830059E7BD</key>
		<dict>
			<key>fileRef</key>
			<string>14B72254193AF2830059E7BD</string>
			<key>isa</key>
			<string>PBXBuildFile</string>
		</dict>
		<key>14B72256193AF2830059E7BD</key>
		<dict>
			<key>isa</key>
			<string>PBXFileReference</string>
			<key>lastKnownFileType</key>
			<string>wrapper.framework</string>
			<key>name</key>
			<string>CoreGraphics.framework</string>
			<key>path</key>
			<string>System/Library/Frameworks/CoreGraphics.framework</string>
			<key>sourceTree</key>
			<string>SDKROOT</string>
		</dict>
		<key>14B72257193AF2830059E7BD</key>
		<dict>
			<key>fileRef</key>
			<string>14B72256193AF2830059E7BD</string>
			<key>isa</key>
			<string>PBXBuildFile</string>
		</dict>
		<key>14B72258193AF2830059E7BD</key>
		<dict>
			<key>isa</key>
			<string>PBXFileReference</string>
			<key>lastKnownFileType</key>
			<string>wrapper.framework</string>
			<key>name</key>
			<string>UIKit.framework</string>
			<key>path</key>
			<string>System/Library/Frameworks/UIKit.framework</string>
			<key>sourceTree</key>
			<string>SDKROOT</string>
		</dict>
		<key>14B72259193AF2830059E7BD</key>
		<dict>
			<key>fileRef</key>
			<string>14B72258193AF2830059E7BD</string>
			<key>isa</key>
			<string>PBXBuildFile</string>
		</dict>
		<key>14B7225A193AF2830059E7BD</key>
		<dict>
			<key>children</key>
			<array>
				<string>14B7226C193AF2830059E7BD</string>
				<string>14B7226D193AF2830059E7BD</string>
				<string>143E732119FEE10100FA3B0A</string>
				<string>143E732219FEE11300FA3B0A</string>
				<string>143E732019FEDA6800FA3B0A</string>
				<string>14B7225B193AF2830059E7BD</string>
				<string>14B7226F193AF2830059E7BD</string>
			</array>
			<key>isa</key>
			<string>PBXGroup</string>
			<key>path</key>
			<string>TouchTracker</string>
			<key>sourceTree</key>
			<string>&lt;group&gt;</string>
		</dict>
		<key>14B7225B193AF2830059E7BD</key>
		<dict>
			<key>children</key>
			<array>
				<string>14B72263193AF2830059E7BD</string>
				<string>14B72264193AF2830059E7BD</string>
				<string>14B7225C193AF2830059E7BD</string>
				<string>14B7225D193AF2830059E7BD</string>
				<string>14B72260193AF2830059E7BD</string>
				<string>14B72262193AF2830059E7BD</string>
			</array>
			<key>isa</key>
			<string>PBXGroup</string>
			<key>name</key>
			<string>Supporting Files</string>
			<key>path</key>
			<string>Supporting Files</string>
			<key>sourceTree</key>
			<string>&lt;group&gt;</string>
		</dict>
		<key>14B7225C193AF2830059E7BD</key>
		<dict>
			<key>isa</key>
			<string>PBXFileReference</string>
			<key>lastKnownFileType</key>
			<string>text.plist.xml</string>
			<key>path</key>
			<string>TouchTracker-Info.plist</string>
			<key>sourceTree</key>
			<string>&lt;group&gt;</string>
		</dict>
		<key>14B7225D193AF2830059E7BD</key>
		<dict>
			<key>children</key>
			<array>
				<string>14B7225E193AF2830059E7BD</string>
			</array>
			<key>isa</key>
			<string>PBXVariantGroup</string>
			<key>name</key>
			<string>InfoPlist.strings</string>
			<key>sourceTree</key>
			<string>&lt;group&gt;</string>
		</dict>
		<key>14B7225E193AF2830059E7BD</key>
		<dict>
			<key>isa</key>
			<string>PBXFileReference</string>
			<key>lastKnownFileType</key>
			<string>text.plist.strings</string>
			<key>name</key>
			<string>en</string>
			<key>path</key>
			<string>en.lproj/InfoPlist.strings</string>
			<key>sourceTree</key>
			<string>&lt;group&gt;</string>
		</dict>
		<key>14B7225F193AF2830059E7BD</key>
		<dict>
			<key>fileRef</key>
			<string>14B7225D193AF2830059E7BD</string>
			<key>isa</key>
			<string>PBXBuildFile</string>
		</dict>
		<key>14B72260193AF2830059E7BD</key>
		<dict>
			<key>isa</key>
			<string>PBXFileReference</string>
			<key>lastKnownFileType</key>
			<string>sourcecode.c.objc</string>
			<key>path</key>
			<string>main.m</string>
			<key>sourceTree</key>
			<string>&lt;group&gt;</string>
		</dict>
		<key>14B72261193AF2830059E7BD</key>
		<dict>
			<key>fileRef</key>
			<string>14B72260193AF2830059E7BD</string>
			<key>isa</key>
			<string>PBXBuildFile</string>
		</dict>
		<key>14B72262193AF2830059E7BD</key>
		<dict>
			<key>isa</key>
			<string>PBXFileReference</string>
			<key>lastKnownFileType</key>
			<string>sourcecode.c.h</string>
			<key>path</key>
			<string>TouchTracker-Prefix.pch</string>
			<key>sourceTree</key>
			<string>&lt;group&gt;</string>
		</dict>
		<key>14B72263193AF2830059E7BD</key>
		<dict>
			<key>isa</key>
			<string>PBXFileReference</string>
			<key>lastKnownFileType</key>
			<string>sourcecode.c.h</string>
			<key>path</key>
			<string>TTAppDelegate.h</string>
			<key>sourceTree</key>
			<string>&lt;group&gt;</string>
		</dict>
		<key>14B72264193AF2830059E7BD</key>
		<dict>
			<key>isa</key>
			<string>PBXFileReference</string>
			<key>lastKnownFileType</key>
			<string>sourcecode.c.objc</string>
			<key>path</key>
			<string>TTAppDelegate.m</string>
			<key>sourceTree</key>
			<string>&lt;group&gt;</string>
		</dict>
		<key>14B72265193AF2830059E7BD</key>
		<dict>
			<key>fileRef</key>
			<string>14B72264193AF2830059E7BD</string>
			<key>isa</key>
			<string>PBXBuildFile</string>
		</dict>
		<key>14B72266193AF2830059E7BD</key>
		<dict>
			<key>children</key>
			<array>
				<string>14B72267193AF2830059E7BD</string>
			</array>
			<key>isa</key>
			<string>PBXVariantGroup</string>
			<key>name</key>
			<string>Main_iPhone.storyboard</string>
			<key>sourceTree</key>
			<string>&lt;group&gt;</string>
		</dict>
		<key>14B72267193AF2830059E7BD</key>
		<dict>
			<key>isa</key>
			<string>PBXFileReference</string>
			<key>lastKnownFileType</key>
			<string>file.storyboard</string>
			<key>name</key>
			<string>Base</string>
			<key>path</key>
			<string>Base.lproj/Main_iPhone.storyboard</string>
			<key>sourceTree</key>
			<string>&lt;group&gt;</string>
		</dict>
		<key>14B72268193AF2830059E7BD</key>
		<dict>
			<key>fileRef</key>
			<string>14B72266193AF2830059E7BD</string>
			<key>isa</key>
			<string>PBXBuildFile</string>
		</dict>
		<key>14B72269193AF2830059E7BD</key>
		<dict>
			<key>children</key>
			<array>
				<string>14B7226A193AF2830059E7BD</string>
			</array>
			<key>isa</key>
			<string>PBXVariantGroup</string>
			<key>name</key>
			<string>Main_iPad.storyboard</string>
			<key>sourceTree</key>
			<string>&lt;group&gt;</string>
		</dict>
		<key>14B7226A193AF2830059E7BD</key>
		<dict>
			<key>isa</key>
			<string>PBXFileReference</string>
			<key>lastKnownFileType</key>
			<string>file.storyboard</string>
			<key>name</key>
			<string>Base</string>
			<key>path</key>
			<string>Base.lproj/Main_iPad.storyboard</string>
			<key>sourceTree</key>
			<string>&lt;group&gt;</string>
		</dict>
		<key>14B7226B193AF2830059E7BD</key>
		<dict>
			<key>fileRef</key>
			<string>14B72269193AF2830059E7BD</string>
			<key>isa</key>
			<string>PBXBuildFile</string>
		</dict>
		<key>14B7226C193AF2830059E7BD</key>
		<dict>
			<key>isa</key>
			<string>PBXFileReference</string>
			<key>lastKnownFileType</key>
			<string>sourcecode.c.h</string>
			<key>path</key>
			<string>TTViewController.h</string>
			<key>sourceTree</key>
			<string>&lt;group&gt;</string>
		</dict>
		<key>14B7226D193AF2830059E7BD</key>
		<dict>
			<key>isa</key>
			<string>PBXFileReference</string>
			<key>lastKnownFileType</key>
			<string>sourcecode.c.objc</string>
			<key>path</key>
			<string>TTViewController.m</string>
			<key>sourceTree</key>
			<string>&lt;group&gt;</string>
		</dict>
		<key>14B7226E193AF2830059E7BD</key>
		<dict>
			<key>fileRef</key>
			<string>14B7226D193AF2830059E7BD</string>
			<key>isa</key>
			<string>PBXBuildFile</string>
		</dict>
		<key>14B7226F193AF2830059E7BD</key>
		<dict>
			<key>isa</key>
			<string>PBXFileReference</string>
			<key>lastKnownFileType</key>
			<string>folder.assetcatalog</string>
			<key>path</key>
			<string>Images.xcassets</string>
			<key>sourceTree</key>
			<string>&lt;group&gt;</string>
		</dict>
		<key>14B72270193AF2830059E7BD</key>
		<dict>
			<key>fileRef</key>
			<string>14B7226F193AF2830059E7BD</string>
			<key>isa</key>
			<string>PBXBuildFile</string>
		</dict>
		<key>14B72271193AF2830059E7BD</key>
		<dict>
			<key>buildActionMask</key>
			<string>2147483647</string>
			<key>files</key>
			<array>
				<string>14B72283193AF2830059E7BD</string>
			</array>
			<key>isa</key>
			<string>PBXSourcesBuildPhase</string>
			<key>runOnlyForDeploymentPostprocessing</key>
			<string>0</string>
		</dict>
		<key>14B72272193AF2830059E7BD</key>
		<dict>
			<key>buildActionMask</key>
			<string>2147483647</string>
			<key>files</key>
			<array>
				<string>14B72277193AF2830059E7BD</string>
				<string>14B72279193AF2830059E7BD</string>
				<string>14B72278193AF2830059E7BD</string>
			</array>
			<key>isa</key>
			<string>PBXFrameworksBuildPhase</string>
			<key>runOnlyForDeploymentPostprocessing</key>
			<string>0</string>
		</dict>
		<key>14B72273193AF2830059E7BD</key>
		<dict>
			<key>buildActionMask</key>
			<string>2147483647</string>
			<key>files</key>
			<array>
				<string>14E696CA1940818200E3764A</string>
				<string>146CEF45193F18E5002E5220</string>
				<string>14B72281193AF2830059E7BD</string>
			</array>
			<key>isa</key>
			<string>PBXResourcesBuildPhase</string>
			<key>runOnlyForDeploymentPostprocessing</key>
			<string>0</string>
		</dict>
		<key>14B72274193AF2830059E7BD</key>
		<dict>
			<key>buildConfigurationList</key>
			<string>14B72289193AF2830059E7BD</string>
			<key>buildPhases</key>
			<array>
				<string>14B72271193AF2830059E7BD</string>
				<string>14B72272193AF2830059E7BD</string>
				<string>14B72273193AF2830059E7BD</string>
			</array>
			<key>buildRules</key>
			<array/>
			<key>dependencies</key>
			<array>
				<string>14B7227B193AF2830059E7BD</string>
			</array>
			<key>isa</key>
			<string>PBXNativeTarget</string>
			<key>name</key>
			<string>TouchTrackerTests</string>
			<key>productName</key>
			<string>TouchTrackerTests</string>
			<key>productReference</key>
			<string>14B72275193AF2830059E7BD</string>
			<key>productType</key>
			<string>com.apple.product-type.bundle.unit-test</string>
		</dict>
		<key>14B72275193AF2830059E7BD</key>
		<dict>
			<key>explicitFileType</key>
			<string>wrapper.cfbundle</string>
			<key>includeInIndex</key>
			<string>0</string>
			<key>isa</key>
			<string>PBXFileReference</string>
			<key>path</key>
			<string>TouchTrackerTests.xctest</string>
			<key>sourceTree</key>
			<string>BUILT_PRODUCTS_DIR</string>
		</dict>
		<key>14B72276193AF2830059E7BD</key>
		<dict>
			<key>isa</key>
			<string>PBXFileReference</string>
			<key>lastKnownFileType</key>
			<string>wrapper.framework</string>
			<key>name</key>
			<string>XCTest.framework</string>
			<key>path</key>
			<string>Library/Frameworks/XCTest.framework</string>
			<key>sourceTree</key>
			<string>DEVELOPER_DIR</string>
		</dict>
		<key>14B72277193AF2830059E7BD</key>
		<dict>
			<key>fileRef</key>
			<string>14B72276193AF2830059E7BD</string>
			<key>isa</key>
			<string>PBXBuildFile</string>
		</dict>
		<key>14B72278193AF2830059E7BD</key>
		<dict>
			<key>fileRef</key>
			<string>14B72254193AF2830059E7BD</string>
			<key>isa</key>
			<string>PBXBuildFile</string>
		</dict>
		<key>14B72279193AF2830059E7BD</key>
		<dict>
			<key>fileRef</key>
			<string>14B72258193AF2830059E7BD</string>
			<key>isa</key>
			<string>PBXBuildFile</string>
		</dict>
		<key>14B7227A193AF2830059E7BD</key>
		<dict>
			<key>containerPortal</key>
			<string>14B72249193AF2830059E7BD</string>
			<key>isa</key>
			<string>PBXContainerItemProxy</string>
			<key>proxyType</key>
			<string>1</string>
			<key>remoteGlobalIDString</key>
			<string>14B72250193AF2830059E7BD</string>
			<key>remoteInfo</key>
			<string>TouchTracker</string>
		</dict>
		<key>14B7227B193AF2830059E7BD</key>
		<dict>
			<key>isa</key>
			<string>PBXTargetDependency</string>
			<key>target</key>
			<string>14B72250193AF2830059E7BD</string>
			<key>targetProxy</key>
			<string>14B7227A193AF2830059E7BD</string>
		</dict>
		<key>14B7227C193AF2830059E7BD</key>
		<dict>
			<key>children</key>
			<array>
				<string>14B72282193AF2830059E7BD</string>
				<string>14B7227D193AF2830059E7BD</string>
			</array>
			<key>isa</key>
			<string>PBXGroup</string>
			<key>path</key>
			<string>TouchTrackerTests</string>
			<key>sourceTree</key>
			<string>&lt;group&gt;</string>
		</dict>
		<key>14B7227D193AF2830059E7BD</key>
		<dict>
			<key>children</key>
			<array>
				<string>14B7227E193AF2830059E7BD</string>
				<string>14B7227F193AF2830059E7BD</string>
			</array>
			<key>isa</key>
			<string>PBXGroup</string>
			<key>name</key>
			<string>Supporting Files</string>
			<key>path</key>
			<string>Supporting Files</string>
			<key>sourceTree</key>
			<string>&lt;group&gt;</string>
		</dict>
		<key>14B7227E193AF2830059E7BD</key>
		<dict>
			<key>isa</key>
			<string>PBXFileReference</string>
			<key>lastKnownFileType</key>
			<string>text.plist.xml</string>
			<key>path</key>
			<string>TouchTrackerTests-Info.plist</string>
			<key>sourceTree</key>
			<string>&lt;group&gt;</string>
		</dict>
		<key>14B7227F193AF2830059E7BD</key>
		<dict>
			<key>children</key>
			<array>
				<string>14B72280193AF2830059E7BD</string>
			</array>
			<key>isa</key>
			<string>PBXVariantGroup</string>
			<key>name</key>
			<string>InfoPlist.strings</string>
			<key>sourceTree</key>
			<string>&lt;group&gt;</string>
		</dict>
		<key>14B72280193AF2830059E7BD</key>
		<dict>
			<key>isa</key>
			<string>PBXFileReference</string>
			<key>lastKnownFileType</key>
			<string>text.plist.strings</string>
			<key>name</key>
			<string>en</string>
			<key>path</key>
			<string>en.lproj/InfoPlist.strings</string>
			<key>sourceTree</key>
			<string>&lt;group&gt;</string>
		</dict>
		<key>14B72281193AF2830059E7BD</key>
		<dict>
			<key>fileRef</key>
			<string>14B7227F193AF2830059E7BD</string>
			<key>isa</key>
			<string>PBXBuildFile</string>
		</dict>
		<key>14B72282193AF2830059E7BD</key>
		<dict>
			<key>isa</key>
			<string>PBXFileReference</string>
			<key>lastKnownFileType</key>
			<string>sourcecode.c.objc</string>
			<key>path</key>
			<string>TouchTrackerTests.m</string>
			<key>sourceTree</key>
			<string>&lt;group&gt;</string>
		</dict>
		<key>14B72283193AF2830059E7BD</key>
		<dict>
			<key>fileRef</key>
			<string>14B72282193AF2830059E7BD</string>
			<key>isa</key>
			<string>PBXBuildFile</string>
		</dict>
		<key>14B72284193AF2830059E7BD</key>
		<dict>
			<key>buildSettings</key>
			<dict>
				<key>ALWAYS_SEARCH_USER_PATHS</key>
				<string>NO</string>
				<key>CLANG_CXX_LANGUAGE_STANDARD</key>
				<string>gnu++0x</string>
				<key>CLANG_CXX_LIBRARY</key>
				<string>libc++</string>
				<key>CLANG_ENABLE_MODULES</key>
				<string>YES</string>
				<key>CLANG_ENABLE_OBJC_ARC</key>
				<string>YES</string>
				<key>CLANG_WARN_BOOL_CONVERSION</key>
				<string>YES</string>
				<key>CLANG_WARN_CONSTANT_CONVERSION</key>
				<string>YES</string>
				<key>CLANG_WARN_DIRECT_OBJC_ISA_USAGE</key>
				<string>YES_ERROR</string>
				<key>CLANG_WARN_EMPTY_BODY</key>
				<string>YES</string>
				<key>CLANG_WARN_ENUM_CONVERSION</key>
				<string>YES</string>
				<key>CLANG_WARN_INT_CONVERSION</key>
				<string>YES</string>
				<key>CLANG_WARN_OBJC_ROOT_CLASS</key>
				<string>YES_ERROR</string>
				<key>CLANG_WARN__DUPLICATE_METHOD_MATCH</key>
				<string>YES</string>
				<key>CODE_SIGN_IDENTITY[sdk=iphoneos*]</key>
				<string>iPhone Developer</string>
				<key>COPY_PHASE_STRIP</key>
				<string>NO</string>
				<key>GCC_C_LANGUAGE_STANDARD</key>
				<string>gnu99</string>
				<key>GCC_DYNAMIC_NO_PIC</key>
				<string>NO</string>
				<key>GCC_OPTIMIZATION_LEVEL</key>
				<string>0</string>
				<key>GCC_PREPROCESSOR_DEFINITIONS</key>
				<array>
					<string>DEBUG=1</string>
					<string>$(inherited)</string>
				</array>
				<key>GCC_SYMBOLS_PRIVATE_EXTERN</key>
				<string>NO</string>
				<key>GCC_WARN_64_TO_32_BIT_CONVERSION</key>
				<string>YES</string>
				<key>GCC_WARN_ABOUT_RETURN_TYPE</key>
				<string>YES_ERROR</string>
				<key>GCC_WARN_UNDECLARED_SELECTOR</key>
				<string>YES</string>
				<key>GCC_WARN_UNINITIALIZED_AUTOS</key>
				<string>YES_AGGRESSIVE</string>
				<key>GCC_WARN_UNUSED_FUNCTION</key>
				<string>YES</string>
				<key>GCC_WARN_UNUSED_VARIABLE</key>
				<string>NO</string>
				<key>IPHONEOS_DEPLOYMENT_TARGET</key>
				<string>7.1</string>
				<key>ONLY_ACTIVE_ARCH</key>
				<string>YES</string>
				<key>SDKROOT</key>
				<string>iphoneos</string>
				<key>TARGETED_DEVICE_FAMILY</key>
				<string>1,2</string>
			</dict>
			<key>isa</key>
			<string>XCBuildConfiguration</string>
			<key>name</key>
			<string>Debug</string>
		</dict>
		<key>14B72285193AF2830059E7BD</key>
		<dict>
			<key>buildSettings</key>
			<dict>
				<key>ALWAYS_SEARCH_USER_PATHS</key>
				<string>NO</string>
				<key>CLANG_CXX_LANGUAGE_STANDARD</key>
				<string>gnu++0x</string>
				<key>CLANG_CXX_LIBRARY</key>
				<string>libc++</string>
				<key>CLANG_ENABLE_MODULES</key>
				<string>YES</string>
				<key>CLANG_ENABLE_OBJC_ARC</key>
				<string>YES</string>
				<key>CLANG_WARN_BOOL_CONVERSION</key>
				<string>YES</string>
				<key>CLANG_WARN_CONSTANT_CONVERSION</key>
				<string>YES</string>
				<key>CLANG_WARN_DIRECT_OBJC_ISA_USAGE</key>
				<string>YES_ERROR</string>
				<key>CLANG_WARN_EMPTY_BODY</key>
				<string>YES</string>
				<key>CLANG_WARN_ENUM_CONVERSION</key>
				<string>YES</string>
				<key>CLANG_WARN_INT_CONVERSION</key>
				<string>YES</string>
				<key>CLANG_WARN_OBJC_ROOT_CLASS</key>
				<string>YES_ERROR</string>
				<key>CLANG_WARN__DUPLICATE_METHOD_MATCH</key>
				<string>YES</string>
				<key>CODE_SIGN_IDENTITY[sdk=iphoneos*]</key>
				<string>iPhone Developer</string>
				<key>COPY_PHASE_STRIP</key>
				<string>YES</string>
				<key>ENABLE_NS_ASSERTIONS</key>
				<string>NO</string>
				<key>GCC_C_LANGUAGE_STANDARD</key>
				<string>gnu99</string>
				<key>GCC_WARN_64_TO_32_BIT_CONVERSION</key>
				<string>YES</string>
				<key>GCC_WARN_ABOUT_RETURN_TYPE</key>
				<string>YES_ERROR</string>
				<key>GCC_WARN_UNDECLARED_SELECTOR</key>
				<string>YES</string>
				<key>GCC_WARN_UNINITIALIZED_AUTOS</key>
				<string>YES_AGGRESSIVE</string>
				<key>GCC_WARN_UNUSED_FUNCTION</key>
				<string>YES</string>
				<key>GCC_WARN_UNUSED_VARIABLE</key>
				<string>YES</string>
				<key>IPHONEOS_DEPLOYMENT_TARGET</key>
				<string>7.1</string>
				<key>SDKROOT</key>
				<string>iphoneos</string>
				<key>TARGETED_DEVICE_FAMILY</key>
				<string>1,2</string>
				<key>VALIDATE_PRODUCT</key>
				<string>YES</string>
			</dict>
			<key>isa</key>
			<string>XCBuildConfiguration</string>
			<key>name</key>
			<string>Release</string>
		</dict>
		<key>14B72286193AF2830059E7BD</key>
		<dict>
			<key>buildConfigurations</key>
			<array>
				<string>14B72287193AF2830059E7BD</string>
				<string>14B72288193AF2830059E7BD</string>
			</array>
			<key>defaultConfigurationIsVisible</key>
			<string>0</string>
			<key>defaultConfigurationName</key>
			<string>Release</string>
			<key>isa</key>
			<string>XCConfigurationList</string>
		</dict>
		<key>14B72287193AF2830059E7BD</key>
		<dict>
			<key>buildSettings</key>
			<dict>
				<key>ASSETCATALOG_COMPILER_APPICON_NAME</key>
				<string>AppIcon</string>
				<key>ASSETCATALOG_COMPILER_LAUNCHIMAGE_NAME</key>
				<string>LaunchImage</string>
				<key>GCC_PRECOMPILE_PREFIX_HEADER</key>
				<string>YES</string>
				<key>GCC_PREFIX_HEADER</key>
				<string>TouchTracker/Supporting Files/TouchTracker-Prefix.pch</string>
				<key>GCC_WARN_UNUSED_VARIABLE</key>
				<string>NO</string>
				<key>INFOPLIST_FILE</key>
				<string>TouchTracker/Supporting Files/TouchTracker-Info.plist</string>
				<key>PRODUCT_NAME</key>
				<string>TouchTracker</string>
				<key>WRAPPER_EXTENSION</key>
				<string>app</string>
			</dict>
			<key>isa</key>
			<string>XCBuildConfiguration</string>
			<key>name</key>
			<string>Debug</string>
		</dict>
		<key>14B72288193AF2830059E7BD</key>
		<dict>
			<key>buildSettings</key>
			<dict>
				<key>ASSETCATALOG_COMPILER_APPICON_NAME</key>
				<string>AppIcon</string>
				<key>ASSETCATALOG_COMPILER_LAUNCHIMAGE_NAME</key>
				<string>LaunchImage</string>
				<key>GCC_PRECOMPILE_PREFIX_HEADER</key>
				<string>YES</string>
				<key>GCC_PREFIX_HEADER</key>
				<string>TouchTracker/Supporting Files/TouchTracker-Prefix.pch</string>
				<key>GCC_WARN_UNUSED_VARIABLE</key>
				<string>YES</string>
				<key>INFOPLIST_FILE</key>
				<string>TouchTracker/Supporting Files/TouchTracker-Info.plist</string>
				<key>PRODUCT_NAME</key>
				<string>TouchTracker</string>
				<key>WRAPPER_EXTENSION</key>
				<string>app</string>
			</dict>
			<key>isa</key>
			<string>XCBuildConfiguration</string>
			<key>name</key>
			<string>Release</string>
		</dict>
		<key>14B72289193AF2830059E7BD</key>
		<dict>
			<key>buildConfigurations</key>
			<array>
				<string>14B7228A193AF2830059E7BD</string>
				<string>14B7228B193AF2830059E7BD</string>
			</array>
			<key>defaultConfigurationIsVisible</key>
			<string>0</string>
			<key>defaultConfigurationName</key>
			<string>Release</string>
			<key>isa</key>
			<string>XCConfigurationList</string>
		</dict>
		<key>14B7228A193AF2830059E7BD</key>
		<dict>
			<key>buildSettings</key>
			<dict>
				<key>BUNDLE_LOADER</key>
				<string>$(BUILT_PRODUCTS_DIR)/TouchTracker.app/TouchTracker</string>
				<key>FRAMEWORK_SEARCH_PATHS</key>
				<array>
					<string>$(SDKROOT)/Developer/Library/Frameworks</string>
					<string>$(inherited)</string>
					<string>$(DEVELOPER_FRAMEWORKS_DIR)</string>
				</array>
				<key>GCC_PRECOMPILE_PREFIX_HEADER</key>
				<string>YES</string>
				<key>GCC_PREFIX_HEADER</key>
				<string>TouchTracker/Supporting Files/TouchTracker-Prefix.pch</string>
				<key>GCC_PREPROCESSOR_DEFINITIONS</key>
				<array>
					<string>DEBUG=1</string>
					<string>$(inherited)</string>
				</array>
				<key>INFOPLIST_FILE</key>
				<string>TouchTrackerTests/Supporting Files/TouchTrackerTests-Info.plist</string>
				<key>PRODUCT_NAME</key>
				<string>TouchTrackerTests</string>
				<key>TEST_HOST</key>
				<string>$(BUNDLE_LOADER)</string>
				<key>WRAPPER_EXTENSION</key>
				<string>xctest</string>
			</dict>
			<key>isa</key>
			<string>XCBuildConfiguration</string>
			<key>name</key>
			<string>Debug</string>
		</dict>
		<key>14B7228B193AF2830059E7BD</key>
		<dict>
			<key>buildSettings</key>
			<dict>
				<key>BUNDLE_LOADER</key>
				<string>$(BUILT_PRODUCTS_DIR)/TouchTracker.app/TouchTracker</string>
				<key>FRAMEWORK_SEARCH_PATHS</key>
				<array>
					<string>$(SDKROOT)/Developer/Library/Frameworks</string>
					<string>$(inherited)</string>
					<string>$(DEVELOPER_FRAMEWORKS_DIR)</string>
				</array>
				<key>GCC_PRECOMPILE_PREFIX_HEADER</key>
				<string>YES</string>
				<key>GCC_PREFIX_HEADER</key>
				<string>TouchTracker/Supporting Files/TouchTracker-Prefix.pch</string>
				<key>INFOPLIST_FILE</key>
				<string>TouchTrackerTests/Supporting Files/TouchTrackerTests-Info.plist</string>
				<key>PRODUCT_NAME</key>
				<string>TouchTrackerTests</string>
				<key>TEST_HOST</key>
				<string>$(BUNDLE_LOADER)</string>
				<key>WRAPPER_EXTENSION</key>
				<string>xctest</string>
			</dict>
			<key>isa</key>
			<string>XCBuildConfiguration</string>
			<key>name</key>
			<string>Release</string>
		</dict>
		<key>14B7228F193AF6250059E7BD</key>
		<dict>
			<key>fileEncoding</key>
			<string>4</string>
			<key>isa</key>
			<string>PBXFileReference</string>
			<key>lastKnownFileType</key>
			<string>sourcecode.c.h</string>
			<key>path</key>
			<string>TouchDrawView.h</string>
			<key>sourceTree</key>
			<string>&lt;group&gt;</string>
		</dict>
		<key>14B72290193AF6250059E7BD</key>
		<dict>
			<key>fileEncoding</key>
			<string>4</string>
			<key>isa</key>
			<string>PBXFileReference</string>
			<key>lastKnownFileType</key>
			<string>sourcecode.c.objc</string>
			<key>path</key>
			<string>TouchDrawView.m</string>
			<key>sourceTree</key>
			<string>&lt;group&gt;</string>
		</dict>
		<key>14B72291193AF6250059E7BD</key>
		<dict>
			<key>fileRef</key>
			<string>14B72290193AF6250059E7BD</string>
			<key>isa</key>
			<string>PBXBuildFile</string>
		</dict>
		<key>14B72296193B37C50059E7BD</key>
		<dict>
			<key>fileEncoding</key>
			<string>4</string>
			<key>isa</key>
			<string>PBXFileReference</string>
			<key>lastKnownFileType</key>
			<string>sourcecode.c.h</string>
			<key>path</key>
			<string>TTBrain.h</string>
			<key>sourceTree</key>
			<string>&lt;group&gt;</string>
		</dict>
		<key>14B72297193B37C50059E7BD</key>
		<dict>
			<key>fileEncoding</key>
			<string>4</string>
			<key>isa</key>
			<string>PBXFileReference</string>
			<key>lastKnownFileType</key>
			<string>sourcecode.c.objc</string>
			<key>path</key>
			<string>TTBrain.m</string>
			<key>sourceTree</key>
			<string>&lt;group&gt;</string>
		</dict>
		<key>14B72298193B37C50059E7BD</key>
		<dict>
			<key>fileRef</key>
			<string>14B72297193B37C50059E7BD</string>
			<key>isa</key>
			<string>PBXBuildFile</string>
		</dict>
		<key>14C606EB1947FC39002D4E4E</key>
		<dict>
			<key>fileEncoding</key>
			<string>4</string>
			<key>isa</key>
			<string>PBXFileReference</string>
			<key>lastKnownFileType</key>
			<string>sourcecode.c.h</string>
			<key>path</key>
			<string>KeyMath.h</string>
			<key>sourceTree</key>
			<string>&lt;group&gt;</string>
		</dict>
		<key>14C606EC1947FC39002D4E4E</key>
		<dict>
			<key>fileEncoding</key>
			<string>4</string>
			<key>isa</key>
			<string>PBXFileReference</string>
			<key>lastKnownFileType</key>
			<string>sourcecode.c.objc</string>
			<key>path</key>
			<string>KeyMath.m</string>
			<key>sourceTree</key>
			<string>&lt;group&gt;</string>
		</dict>
		<key>14C606ED1947FC39002D4E4E</key>
		<dict>
			<key>fileRef</key>
			<string>14C606EC1947FC39002D4E4E</string>
			<key>isa</key>
			<string>PBXBuildFile</string>
		</dict>
		<key>14C606EE194803ED002D4E4E</key>
		<dict>
			<key>fileEncoding</key>
			<string>4</string>
			<key>isa</key>
			<string>PBXFileReference</string>
			<key>lastKnownFileType</key>
			<string>sourcecode.c.h</string>
			<key>path</key>
			<string>DictionaryBuilder.h</string>
			<key>sourceTree</key>
			<string>&lt;group&gt;</string>
		</dict>
		<key>14C606EF194803ED002D4E4E</key>
		<dict>
			<key>fileEncoding</key>
			<string>4</string>
			<key>isa</key>
			<string>PBXFileReference</string>
			<key>lastKnownFileType</key>
			<string>sourcecode.c.objc</string>
			<key>path</key>
			<string>DictionaryBuilder.m</string>
			<key>sourceTree</key>
			<string>&lt;group&gt;</string>
		</dict>
		<key>14C606F0194803ED002D4E4E</key>
		<dict>
			<key>fileRef</key>
			<string>14C606EF194803ED002D4E4E</string>
			<key>isa</key>
			<string>PBXBuildFile</string>
		</dict>
		<key>14D0F18D196F9B87003BB7C2</key>
		<dict>
			<key>fileEncoding</key>
			<string>4</string>
			<key>isa</key>
			<string>PBXFileReference</string>
			<key>lastKnownFileType</key>
			<string>sourcecode.c.h</string>
			<key>path</key>
			<string>Fraction.h</string>
			<key>sourceTree</key>
			<string>&lt;group&gt;</string>
		</dict>
		<key>14D0F18E196F9B87003BB7C2</key>
		<dict>
			<key>fileEncoding</key>
			<string>4</string>
			<key>isa</key>
			<string>PBXFileReference</string>
			<key>lastKnownFileType</key>
			<string>sourcecode.c.objc</string>
			<key>path</key>
			<string>Fraction.m</string>
			<key>sourceTree</key>
			<string>&lt;group&gt;</string>
		</dict>
		<key>14D0F18F196F9B87003BB7C2</key>
		<dict>
			<key>fileRef</key>
			<string>14D0F18E196F9B87003BB7C2</string>
			<key>isa</key>
			<string>PBXBuildFile</string>
		</dict>
		<key>14D1807019629023009D16E4</key>
		<dict>
			<key>fileEncoding</key>
			<string>4</string>
			<key>isa</key>
			<string>PBXFileReference</string>
			<key>lastKnownFileType</key>
			<string>sourcecode.c.h</string>
			<key>path</key>
			<string>TwoDim.h</string>
			<key>sourceTree</key>
			<string>&lt;group&gt;</string>
		</dict>
		<key>14D1807119629023009D16E4</key>
		<dict>
			<key>fileEncoding</key>
			<string>4</string>
			<key>isa</key>
			<string>PBXFileReference</string>
			<key>lastKnownFileType</key>
			<string>sourcecode.c.objc</string>
			<key>path</key>
			<string>TwoDim.m</string>
			<key>sourceTree</key>
			<string>&lt;group&gt;</string>
		</dict>
		<key>14D1807219629023009D16E4</key>
		<dict>
			<key>fileRef</key>
			<string>14D1807119629023009D16E4</string>
			<key>isa</key>
			<string>PBXBuildFile</string>
		</dict>
		<key>14D6C6E5195BCC5F001D7E11</key>
		<dict>
			<key>fileEncoding</key>
			<string>4</string>
			<key>isa</key>
			<string>PBXFileReference</string>
			<key>lastKnownFileType</key>
			<string>text.plist.xml</string>
			<key>path</key>
			<string>snakeDictionary25.plist</string>
			<key>sourceTree</key>
			<string>&lt;group&gt;</string>
		</dict>
		<key>14D6C6E6195BCC5F001D7E11</key>
		<dict>
			<key>fileRef</key>
			<string>14D6C6E5195BCC5F001D7E11</string>
			<key>isa</key>
			<string>PBXBuildFile</string>
		</dict>
		<key>14E696C81940818200E3764A</key>
		<dict>
			<key>fileEncoding</key>
			<string>4</string>
			<key>isa</key>
			<string>PBXFileReference</string>
			<key>lastKnownFileType</key>
			<string>text.plist.xml</string>
			<key>path</key>
			<string>snakeDictionary.plist</string>
			<key>sourceTree</key>
			<string>&lt;group&gt;</string>
		</dict>
		<key>14E696C91940818200E3764A</key>
		<dict>
			<key>fileRef</key>
			<string>14E696C81940818200E3764A</string>
			<key>isa</key>
			<string>PBXBuildFile</string>
		</dict>
		<key>14E696CA1940818200E3764A</key>
		<dict>
			<key>fileRef</key>
			<string>14E696C81940818200E3764A</string>
			<key>isa</key>
			<string>PBXBuildFile</string>
		</dict>
		<key>14E9684019B37DB400615B5E</key>
		<dict>
			<key>fileEncoding</key>
			<string>4</string>
			<key>isa</key>
			<string>PBXFileReference</string>
			<key>lastKnownFileType</key>
			<string>text.plist.xml</string>
			<key>path</key>
			<string>binaryHorizontalDictionary.plist</string>
			<key>sourceTree</key>
			<string>&lt;group&gt;</string>
		</dict>
		<key>14E9684119B37DB400615B5E</key>
		<dict>
			<key>fileRef</key>
			<string>14E9684019B37DB400615B5E</string>
			<key>isa</key>
			<string>PBXBuildFile</string>
		</dict>
	</dict>
	<key>rootObject</key>
	<string>14B72249193AF2830059E7BD</string>
</dict>
</plist>
